
Microsoft Visual Studio Solution File, Format Version 12.00
# Visual Studio Version 17
VisualStudioVersion = 17.4.33213.308
MinimumVisualStudioVersion = 10.0.40219.1
Project("{9A19103F-16F7-4668-BE54-9A1E7A4F7556}") = "IServer", "IServer.csproj", "{E7CCC1CC-A391-4FA8-9390-8AB24B726843}"
EndProject
Project("{FAE04EC0-301F-11D3-BF4B-00C04F79EFBC}") = "IClient", "..\IClient_MVC\IClient.csproj", "{EFAE2BD6-37FC-4295-B069-70EDA14FCB4B}"
EndProject
Global
	GlobalSection(SolutionConfigurationPlatforms) = preSolution
		Debug|Any CPU = Debug|Any CPU
		Release|Any CPU = Release|Any CPU
	EndGlobalSection
	GlobalSection(ProjectConfigurationPlatforms) = postSolution
		{E7CCC1CC-A391-4FA8-9390-8AB24B726843}.Debug|Any CPU.ActiveCfg = Debug|Any CPU
		{E7CCC1CC-A391-4FA8-9390-8AB24B726843}.Debug|Any CPU.Build.0 = Debug|Any CPU
		{E7CCC1CC-A391-4FA8-9390-8AB24B726843}.Release|Any CPU.ActiveCfg = Release|Any CPU
		{E7CCC1CC-A391-4FA8-9390-8AB24B726843}.Release|Any CPU.Build.0 = Release|Any CPU
		{EFAE2BD6-37FC-4295-B069-70EDA14FCB4B}.Debug|Any CPU.ActiveCfg = Debug|Any CPU
		{EFAE2BD6-37FC-4295-B069-70EDA14FCB4B}.Debug|Any CPU.Build.0 = Debug|Any CPU
		{EFAE2BD6-37FC-4295-B069-70EDA14FCB4B}.Release|Any CPU.ActiveCfg = Release|Any CPU
		{EFAE2BD6-37FC-4295-B069-70EDA14FCB4B}.Release|Any CPU.Build.0 = Release|Any CPU
	EndGlobalSection
	GlobalSection(SolutionProperties) = preSolution
		HideSolutionNode = FALSE
	EndGlobalSection
	GlobalSection(ExtensibilityGlobals) = postSolution
		SolutionGuid = {60C932E8-E245-4FBB-B9B2-E3A4AA3252A1}
	EndGlobalSection
EndGlobal
